{
  "socketPath": "\\\\.\\pipe\\mcp-75c7a190-4421-4541-951f-39287cf87614.sock",
  "scheme": "pipe",
  "headers": {
    "Authorization": "Nonce 46b11215-9395-4125-a6cd-8b5288f1d7db"
  },
  "pid": 18532,
  "ideName": "Visual Studio Code",
  "timestamp": 1787199639167,
  "workspaceFolders": [
    "c:\\Users\\Kaniz\\.copilot"
  ],
  "isTrusted": true
}