{
  "socketPath": "\\\\.\\pipe\\mcp-379a3ec5-0710-4c0c-bc9e-e0ccf8d76d94.sock",
  "scheme": "pipe",
  "headers": {
    "Authorization": "Nonce 099542a7-50dc-4274-85aa-7ab4c9048d69"
  },
  "pid": 18824,
  "ideName": "Visual Studio Code",
  "timestamp": 1787097212340,
  "workspaceFolders": [
    "c:\\Users\\Kaniz\\.copilot"
  ],
  "isTrusted": true
}